// !$*UTF8*$!
{
	archiveVersion = 1;
	classes = {
	};
	objectVersion = 56;
	objects = {

/* Begin PBXBuildFile section */
		7B7AE8BE2D96FC6500536815 /* ProductListView.swift in Sources */ = {isa = PBXBuildFile; fileRef = 7B7AE8BD2D96FC6500536815 /* ProductListView.swift */; };
		7B7AE8C02D96FC7C00536815 /* AddProductView.swift in Sources */ = {isa = PBXBuildFile; fileRef = 7B7AE8BF2D96FC7C00536815 /* AddProductView.swift */; };
		7B7AE8C22D96FC8B00536815 /* SearchBar.swift in Sources */ = {isa = PBXBuildFile; fileRef = 7B7AE8C12D96FC8B00536815 /* SearchBar.swift */; };
		7B7AE8C42D96FC9D00536815 /* ProductImagesView.swift in Sources */ = {isa = PBXBuildFile; fileRef = 7B7AE8C32D96FC9D00536815 /* ProductImagesView.swift */; };
		7B9A06AD2D96F6C30053AC68 /* A2_iOS_GabrielPais_101271055App.swift in Sources */ = {isa = PBXBuildFile; fileRef = 7B9A06AC2D96F6C30053AC68 /* A2_iOS_GabrielPais_101271055App.swift */; };
		7B9A06AF2D96F6C30053AC68 /* ContentView.swift in Sources */ = {isa = PBXBuildFile; fileRef = 7B9A06AE2D96F6C30053AC68 /* ContentView.swift */; };
		7B9A06B12D96F6CB0053AC68 /* Assets.xcassets in Resources */ = {isa = PBXBuildFile; fileRef = 7B9A06B02D96F6CB0053AC68 /* Assets.xcassets */; };
		7B9A06B42D96F6CB0053AC68 /* Preview Assets.xcassets in Resources */ = {isa = PBXBuildFile; fileRef = 7B9A06B32D96F6CB0053AC68 /* Preview Assets.xcassets */; };
		7B9A06B62D96F6CB0053AC68 /* Persistence.swift in Sources */ = {isa = PBXBuildFile; fileRef = 7B9A06B52D96F6CB0053AC68 /* Persistence.swift */; };
		7B9A06B92D96F6CB0053AC68 /* A2_iOS_GabrielPais_101271055.xcdatamodeld in Sources */ = {isa = PBXBuildFile; fileRef = 7B9A06B72D96F6CB0053AC68 /* A2_iOS_GabrielPais_101271055.xcdatamodeld */; };
		7B9A06C62D96F9EE0053AC68 /* ProductDetailView.swift in Sources */ = {isa = PBXBuildFile; fileRef = 7B9A06C52D96F9EE0053AC68 /* ProductDetailView.swift */; };
		7BFA8D062D9714E600F7F133 /* ProductModel.xcdatamodeld in Sources */ = {isa = PBXBuildFile; fileRef = 7BFA8D042D9714E600F7F133 /* ProductModel.xcdatamodeld */; };
/* End PBXBuildFile section */

/* Begin PBXFileReference section */
		7B7AE8BD2D96FC6500536815 /* ProductListView.swift */ = {isa = PBXFileReference; lastKnownFileType = sourcecode.swift; path = ProductListView.swift; sourceTree = "<group>"; };
		7B7AE8BF2D96FC7C00536815 /* AddProductView.swift */ = {isa = PBXFileReference; lastKnownFileType = sourcecode.swift; path = AddProductView.swift; sourceTree = "<group>"; };
		7B7AE8C12D96FC8B00536815 /* SearchBar.swift */ = {isa = PBXFileReference; lastKnownFileType = sourcecode.swift; path = SearchBar.swift; sourceTree = "<group>"; };
		7B7AE8C32D96FC9D00536815 /* ProductImagesView.swift */ = {isa = PBXFileReference; lastKnownFileType = sourcecode.swift; path = ProductImagesView.swift; sourceTree = "<group>"; };
		7B9A06A92D96F6C30053AC68 /* A2_iOS_GabrielPais_101271055.app */ = {isa = PBXFileReference; explicitFileType = wrapper.application; includeInIndex = 0; path = A2_iOS_GabrielPais_101271055.app; sourceTree = BUILT_PRODUCTS_DIR; };
		7B9A06AC2D96F6C30053AC68 /* A2_iOS_GabrielPais_101271055App.swift */ = {isa = PBXFileReference; lastKnownFileType = sourcecode.swift; path = A2_iOS_GabrielPais_101271055App.swift; sourceTree = "<group>"; };
		7B9A06AE2D96F6C30053AC68 /* ContentView.swift */ = {isa = PBXFileReference; lastKnownFileType = sourcecode.swift; path = ContentView.swift; sourceTree = "<group>"; };
		7B9A06B02D96F6CB0053AC68 /* Assets.xcassets */ = {isa = PBXFileReference; lastKnownFileType = folder.assetcatalog; path = Assets.xcassets; sourceTree = "<group>"; };
		7B9A06B32D96F6CB0053AC68 /* Preview Assets.xcassets */ = {isa = PBXFileReference; lastKnownFileType = folder.assetcatalog; path = "Preview Assets.xcassets"; sourceTree = "<group>"; };
		7B9A06B52D96F6CB0053AC68 /* Persistence.swift */ = {isa = PBXFileReference; lastKnownFileType = sourcecode.swift; path = Persistence.swift; sourceTree = "<group>"; };
		7B9A06B82D96F6CB0053AC68 /* A2_iOS_GabrielPais_101271055.xcdatamodel */ = {isa = PBXFileReference; lastKnownFileType = wrapper.xcdatamodel; path = A2_iOS_GabrielPais_101271055.xcdatamodel; sourceTree = "<group>"; };
		7B9A06C52D96F9EE0053AC68 /* ProductDetailView.swift */ = {isa = PBXFileReference; lastKnownFileType = sourcecode.swift; path = ProductDetailView.swift; sourceTree = "<group>"; };
		7BFA8D052D9714E600F7F133 /* ProductModel.xcdatamodel */ = {isa = PBXFileReference; lastKnownFileType = wrapper.xcdatamodel; path = ProductModel.xcdatamodel; sourceTree = "<group>"; };
/* End PBXFileReference section */

/* Begin PBXFrameworksBuildPhase section */
		7B9A06A62D96F6C30053AC68 /* Frameworks */ = {
			isa = PBXFrameworksBuildPhase;
			buildActionMask = 2147483647;
			files = (
			);
			runOnlyForDeploymentPostprocessing = 0;
		};
/* End PBXFrameworksBuildPhase section */

/* Begin PBXGroup section */
		7B9A06A02D96F6C30053AC68 = {
			isa = PBXGroup;
			children = (
				7B9A06AB2D96F6C30053AC68 /* A2_iOS_GabrielPais_101271055 */,
				7B9A06AA2D96F6C30053AC68 /* Products */,
			);
			sourceTree = "<group>";
		};
		7B9A06AA2D96F6C30053AC68 /* Products */ = {
			isa = PBXGroup;
			children = (
				7B9A06A92D96F6C30053AC68 /* A2_iOS_GabrielPais_101271055.app */,
			);
			name = Products;
			sourceTree = "<group>";
		};
		7B9A06AB2D96F6C30053AC68 /* A2_iOS_GabrielPais_101271055 */ = {
			isa = PBXGroup;
			children = (
				7B9A06C42D96F9C30053AC68 /* Views */,
				7B9A06BF2D96F7220053AC68 /* Models */,
				7B9A06AC2D96F6C30053AC68 /* A2_iOS_GabrielPais_101271055App.swift */,
				7B9A06B02D96F6CB0053AC68 /* Assets.xcassets */,
				7B9A06B52D96F6CB0053AC68 /* Persistence.swift */,
				7B9A06B72D96F6CB0053AC68 /* A2_iOS_GabrielPais_101271055.xcdatamodeld */,
				7B9A06B22D96F6CB0053AC68 /* Preview Content */,
			);
			path = A2_iOS_GabrielPais_101271055;
			sourceTree = "<group>";
		};
		7B9A06B22D96F6CB0053AC68 /* Preview Content */ = {
			isa = PBXGroup;
			children = (
				7B9A06B32D96F6CB0053AC68 /* Preview Assets.xcassets */,
			);
			path = "Preview Content";
			sourceTree = "<group>";
		};
		7B9A06BF2D96F7220053AC68 /* Models */ = {
			isa = PBXGroup;
			children = (
				7BFA8D042D9714E600F7F133 /* ProductModel.xcdatamodeld */,
			);
			path = Models;
			sourceTree = "<group>";
		};
		7B9A06C42D96F9C30053AC68 /* Views */ = {
			isa = PBXGroup;
			children = (
				7B9A06AE2D96F6C30053AC68 /* ContentView.swift */,
				7B9A06C52D96F9EE0053AC68 /* ProductDetailView.swift */,
				7B7AE8BD2D96FC6500536815 /* ProductListView.swift */,
				7B7AE8BF2D96FC7C00536815 /* AddProductView.swift */,
				7B7AE8C12D96FC8B00536815 /* SearchBar.swift */,
				7B7AE8C32D96FC9D00536815 /* ProductImagesView.swift */,
			);
			path = Views;
			sourceTree = "<group>";
		};
/* End PBXGroup section */

/* Begin PBXNativeTarget section */
		7B9A06A82D96F6C30053AC68 /* A2_iOS_GabrielPais_101271055 */ = {
			isa = PBXNativeTarget;
			buildConfigurationList = 7B9A06BC2D96F6CB0053AC68 /* Build configuration list for PBXNativeTarget "A2_iOS_GabrielPais_101271055" */;
			buildPhases = (
				7B9A06A52D96F6C30053AC68 /* Sources */,
				7B9A06A62D96F6C30053AC68 /* Frameworks */,
				7B9A06A72D96F6C30053AC68 /* Resources */,
			);
			buildRules = (
			);
			dependencies = (
			);
			name = A2_iOS_GabrielPais_101271055;
			productName = A2_iOS_GabrielPais_101271055;
			productReference = 7B9A06A92D96F6C30053AC68 /* A2_iOS_GabrielPais_101271055.app */;
			productType = "com.apple.product-type.application";
		};
/* End PBXNativeTarget section */

/* Begin PBXProject section */
		7B9A06A12D96F6C30053AC68 /* Project object */ = {
			isa = PBXProject;
			attributes = {
				BuildIndependentTargetsInParallel = 1;
				LastSwiftUpdateCheck = 1420;
				LastUpgradeCheck = 1420;
				TargetAttributes = {
					7B9A06A82D96F6C30053AC68 = {
						CreatedOnToolsVersion = 14.2;
					};
				};
			};
			buildConfigurationList = 7B9A06A42D96F6C30053AC68 /* Build configuration list for PBXProject "A2_iOS_GabrielPais_101271055" */;
			compatibilityVersion = "Xcode 14.0";
			developmentRegion = en;
			hasScannedForEncodings = 0;
			knownRegions = (
				en,
				Base,
			);
			mainGroup = 7B9A06A02D96F6C30053AC68;
			productRefGroup = 7B9A06AA2D96F6C30053AC68 /* Products */;
			projectDirPath = "";
			projectRoot = "";
			targets = (
				7B9A06A82D96F6C30053AC68 /* A2_iOS_GabrielPais_101271055 */,
			);
		};
/* End PBXProject section */

/* Begin PBXResourcesBuildPhase section */
		7B9A06A72D96F6C30053AC68 /* Resources */ = {
			isa = PBXResourcesBuildPhase;
			buildActionMask = 2147483647;
			files = (
				7B9A06B42D96F6CB0053AC68 /* Preview Assets.xcassets in Resources */,
				7B9A06B12D96F6CB0053AC68 /* Assets.xcassets in Resources */,
			);
			runOnlyForDeploymentPostprocessing = 0;
		};
/* End PBXResourcesBuildPhase section */

/* Begin PBXSourcesBuildPhase section */
		7B9A06A52D96F6C30053AC68 /* Sources */ = {
			isa = PBXSourcesBuildPhase;
			buildActionMask = 2147483647;
			files = (
				7B7AE8BE2D96FC6500536815 /* ProductListView.swift in Sources */,
				7B9A06C62D96F9EE0053AC68 /* ProductDetailView.swift in Sources */,
				7BFA8D062D9714E600F7F133 /* ProductModel.xcdatamodeld in Sources */,
				7B7AE8C02D96FC7C00536815 /* AddProductView.swift in Sources */,
				7B9A06B62D96F6CB0053AC68 /* Persistence.swift in Sources */,
				7B7AE8C42D96FC9D00536815 /* ProductImagesView.swift in Sources */,
				7B9A06B92D96F6CB0053AC68 /* A2_iOS_GabrielPais_101271055.xcdatamodeld in Sources */,
				7B7AE8C22D96FC8B00536815 /* SearchBar.swift in Sources */,
				7B9A06AF2D96F6C30053AC68 /* ContentView.swift in Sources */,
				7B9A06AD2D96F6C30053AC68 /* A2_iOS_GabrielPais_101271055App.swift in Sources */,
			);
			runOnlyForDeploymentPostprocessing = 0;
		};
/* End PBXSourcesBuildPhase section */

/* Begin XCBuildConfiguration section */
		7B9A06BA2D96F6CB0053AC68 /* Debug */ = {
			isa = XCBuildConfiguration;
			buildSettings = {
				ALWAYS_SEARCH_USER_PATHS = NO;
				CLANG_ANALYZER_NONNULL = YES;
				CLANG_ANALYZER_NUMBER_OBJECT_CONVERSION = YES_AGGRESSIVE;
				CLANG_CXX_LANGUAGE_STANDARD = "gnu++20";
				CLANG_ENABLE_MODULES = YES;
				CLANG_ENABLE_OBJC_ARC = YES;
				CLANG_ENABLE_OBJC_WEAK = YES;
				CLANG_WARN_BLOCK_CAPTURE_AUTORELEASING = YES;
				CLANG_WARN_BOOL_CONVERSION = YES;
				CLANG_WARN_COMMA = YES;
				CLANG_WARN_CONSTANT_CONVERSION = YES;
				CLANG_WARN_DEPRECATED_OBJC_IMPLEMENTATIONS = YES;
				CLANG_WARN_DIRECT_OBJC_ISA_USAGE = YES_ERROR;
				CLANG_WARN_DOCUMENTATION_COMMENTS = YES;
				CLANG_WARN_EMPTY_BODY = YES;
				CLANG_WARN_ENUM_CONVERSION = YES;
				CLANG_WARN_INFINITE_RECURSION = YES;
				CLANG_WARN_INT_CONVERSION = YES;
				CLANG_WARN_NON_LITERAL_NULL_CONVERSION = YES;
				CLANG_WARN_OBJC_IMPLICIT_RETAIN_SELF = YES;
				CLANG_WARN_OBJC_LITERAL_CONVERSION = YES;
				CLANG_WARN_OBJC_ROOT_CLASS = YES_ERROR;
				CLANG_WARN_QUOTED_INCLUDE_IN_FRAMEWORK_HEADER = YES;
				CLANG_WARN_RANGE_LOOP_ANALYSIS = YES;
				CLANG_WARN_STRICT_PROTOTYPES = YES;
				CLANG_WARN_SUSPICIOUS_MOVE = YES;
				CLANG_WARN_UNGUARDED_AVAILABILITY = YES_AGGRESSIVE;
				CLANG_WARN_UNREACHABLE_CODE = YES;
				CLANG_WARN__DUPLICATE_METHOD_MATCH = YES;
				COPY_PHASE_STRIP = NO;
				DEBUG_INFORMATION_FORMAT = dwarf;
				ENABLE_STRICT_OBJC_MSGSEND = YES;
				ENABLE_TESTABILITY = YES;
				GCC_C_LANGUAGE_STANDARD = gnu11;
				GCC_DYNAMIC_NO_PIC = NO;
				GCC_NO_COMMON_BLOCKS = YES;
				GCC_OPTIMIZATION_LEVEL = 0;
				GCC_PREPROCESSOR_DEFINITIONS = (
					"DEBUG=1",
					"$(inherited)",
				);
				GCC_WARN_64_TO_32_BIT_CONVERSION = YES;
				GCC_WARN_ABOUT_RETURN_TYPE = YES_ERROR;
				GCC_WARN_UNDECLARED_SELECTOR = YES;
				GCC_WARN_UNINITIALIZED_AUTOS = YES_AGGRESSIVE;
				GCC_WARN_UNUSED_FUNCTION = YES;
				GCC_WARN_UNUSED_VARIABLE = YES;
				IPHONEOS_DEPLOYMENT_TARGET = 16.2;
				MTL_ENABLE_DEBUG_INFO = INCLUDE_SOURCE;
				MTL_FAST_MATH = YES;
				ONLY_ACTIVE_ARCH = YES;
				SDKROOT = iphoneos;
				SWIFT_ACTIVE_COMPILATION_CONDITIONS = DEBUG;
				SWIFT_OPTIMIZATION_LEVEL = "-Onone";
			};
			name = Debug;
		};
		7B9A06BB2D96F6CB0053AC68 /* Release */ = {
			isa = XCBuildConfiguration;
			buildSettings = {
				ALWAYS_SEARCH_USER_PATHS = NO;
				CLANG_ANALYZER_NONNULL = YES;
				CLANG_ANALYZER_NUMBER_OBJECT_CONVERSION = YES_AGGRESSIVE;
				CLANG_CXX_LANGUAGE_STANDARD = "gnu++20";
				CLANG_ENABLE_MODULES = YES;
				CLANG_ENABLE_OBJC_ARC = YES;
				CLANG_ENABLE_OBJC_WEAK = YES;
				CLANG_WARN_BLOCK_CAPTURE_AUTORELEASING = YES;
				CLANG_WARN_BOOL_CONVERSION = YES;
				CLANG_WARN_COMMA = YES;
				CLANG_WARN_CONSTANT_CONVERSION = YES;
				CLANG_WARN_DEPRECATED_OBJC_IMPLEMENTATIONS = YES;
				CLANG_WARN_DIRECT_OBJC_ISA_USAGE = YES_ERROR;
				CLANG_WARN_DOCUMENTATION_COMMENTS = YES;
				CLANG_WARN_EMPTY_BODY = YES;
				CLANG_WARN_ENUM_CONVERSION = YES;
				CLANG_WARN_INFINITE_RECURSION = YES;
				CLANG_WARN_INT_CONVERSION = YES;
				CLANG_WARN_NON_LITERAL_NULL_CONVERSION = YES;
				CLANG_WARN_OBJC_IMPLICIT_RETAIN_SELF = YES;
				CLANG_WARN_OBJC_LITERAL_CONVERSION = YES;
				CLANG_WARN_OBJC_ROOT_CLASS = YES_ERROR;
				CLANG_WARN_QUOTED_INCLUDE_IN_FRAMEWORK_HEADER = YES;
				CLANG_WARN_RANGE_LOOP_ANALYSIS = YES;
				CLANG_WARN_STRICT_PROTOTYPES = YES;
				CLANG_WARN_SUSPICIOUS_MOVE = YES;
				CLANG_WARN_UNGUARDED_AVAILABILITY = YES_AGGRESSIVE;
				CLANG_WARN_UNREACHABLE_CODE = YES;
				CLANG_WARN__DUPLICATE_METHOD_MATCH = YES;
				COPY_PHASE_STRIP = NO;
				DEBUG_INFORMATION_FORMAT = "dwarf-with-dsym";
				ENABLE_NS_ASSERTIONS = NO;
				ENABLE_STRICT_OBJC_MSGSEND = YES;
				GCC_C_LANGUAGE_STANDARD = gnu11;
				GCC_NO_COMMON_BLOCKS = YES;
				GCC_WARN_64_TO_32_BIT_CONVERSION = YES;
				GCC_WARN_ABOUT_RETURN_TYPE = YES_ERROR;
				GCC_WARN_UNDECLARED_SELECTOR = YES;
				GCC_WARN_UNINITIALIZED_AUTOS = YES_AGGRESSIVE;
				GCC_WARN_UNUSED_FUNCTION = YES;
				GCC_WARN_UNUSED_VARIABLE = YES;
				IPHONEOS_DEPLOYMENT_TARGET = 16.2;
				MTL_ENABLE_DEBUG_INFO = NO;
				MTL_FAST_MATH = YES;
				SDKROOT = iphoneos;
				SWIFT_COMPILATION_MODE = wholemodule;
				SWIFT_OPTIMIZATION_LEVEL = "-O";
				VALIDATE_PRODUCT = YES;
			};
			name = Release;
		};
		7B9A06BD2D96F6CB0053AC68 /* Debug */ = {
			isa = XCBuildConfiguration;
			buildSettings = {
				ASSETCATALOG_COMPILER_APPICON_NAME = AppIcon;
				ASSETCATALOG_COMPILER_GLOBAL_ACCENT_COLOR_NAME = AccentColor;
				CODE_SIGN_STYLE = Automatic;
				CURRENT_PROJECT_VERSION = 1;
				DEVELOPMENT_ASSET_PATHS = "\"A2_iOS_GabrielPais_101271055/Preview Content\"";
				DEVELOPMENT_TEAM = RJSYMMTG4F;
				ENABLE_PREVIEWS = YES;
				GENERATE_INFOPLIST_FILE = YES;
				INFOPLIST_KEY_UIApplicationSceneManifest_Generation = YES;
				INFOPLIST_KEY_UIApplicationSupportsIndirectInputEvents = YES;
				INFOPLIST_KEY_UILaunchScreen_Generation = YES;
				INFOPLIST_KEY_UISupportedInterfaceOrientations_iPad = "UIInterfaceOrientationPortrait UIInterfaceOrientationPortraitUpsideDown UIInterfaceOrientationLandscapeLeft UIInterfaceOrientationLandscapeRight";
				INFOPLIST_KEY_UISupportedInterfaceOrientations_iPhone = "UIInterfaceOrientationPortrait UIInterfaceOrientationLandscapeLeft UIInterfaceOrientationLandscapeRight";
				LD_RUNPATH_SEARCH_PATHS = (
					"$(inherited)",
					"@executable_path/Frameworks",
				);
				MARKETING_VERSION = 1.0;
				PRODUCT_BUNDLE_IDENTIFIER = "lab1.A2-iOS-GabrielPais-101271055";
				PRODUCT_NAME = "$(TARGET_NAME)";
				SWIFT_EMIT_LOC_STRINGS = YES;
				SWIFT_VERSION = 5.0;
				TARGETED_DEVICE_FAMILY = "1,2";
			};
			name = Debug;
		};
		7B9A06BE2D96F6CB0053AC68 /* Release */ = {
			isa = XCBuildConfiguration;
			buildSettings = {
				ASSETCATALOG_COMPILER_APPICON_NAME = AppIcon;
				ASSETCATALOG_COMPILER_GLOBAL_ACCENT_COLOR_NAME = AccentColor;
				CODE_SIGN_STYLE = Automatic;
				CURRENT_PROJECT_VERSION = 1;
				DEVELOPMENT_ASSET_PATHS = "\"A2_iOS_GabrielPais_101271055/Preview Content\"";
				DEVELOPMENT_TEAM = RJSYMMTG4F;
				ENABLE_PREVIEWS = YES;
				GENERATE_INFOPLIST_FILE = YES;
				INFOPLIST_KEY_UIApplicationSceneManifest_Generation = YES;
				INFOPLIST_KEY_UIApplicationSupportsIndirectInputEvents = YES;
				INFOPLIST_KEY_UILaunchScreen_Generation = YES;
				INFOPLIST_KEY_UISupportedInterfaceOrientations_iPad = "UIInterfaceOrientationPortrait UIInterfaceOrientationPortraitUpsideDown UIInterfaceOrientationLandscapeLeft UIInterfaceOrientationLandscapeRight";
				INFOPLIST_KEY_UISupportedInterfaceOrientations_iPhone = "UIInterfaceOrientationPortrait UIInterfaceOrientationLandscapeLeft UIInterfaceOrientationLandscapeRight";
				LD_RUNPATH_SEARCH_PATHS = (
					"$(inherited)",
					"@executable_path/Frameworks",
				);
				MARKETING_VERSION = 1.0;
				PRODUCT_BUNDLE_IDENTIFIER = "lab1.A2-iOS-GabrielPais-101271055";
				PRODUCT_NAME = "$(TARGET_NAME)";
				SWIFT_EMIT_LOC_STRINGS = YES;
				SWIFT_VERSION = 5.0;
				TARGETED_DEVICE_FAMILY = "1,2";
			};
			name = Release;
		};
/* End XCBuildConfiguration section */

/* Begin XCConfigurationList section */
		7B9A06A42D96F6C30053AC68 /* Build configuration list for PBXProject "A2_iOS_GabrielPais_101271055" */ = {
			isa = XCConfigurationList;
			buildConfigurations = (
				7B9A06BA2D96F6CB0053AC68 /* Debug */,
				7B9A06BB2D96F6CB0053AC68 /* Release */,
			);
			defaultConfigurationIsVisible = 0;
			defaultConfigurationName = Release;
		};
		7B9A06BC2D96F6CB0053AC68 /* Build configuration list for PBXNativeTarget "A2_iOS_GabrielPais_101271055" */ = {
			isa = XCConfigurationList;
			buildConfigurations = (
				7B9A06BD2D96F6CB0053AC68 /* Debug */,
				7B9A06BE2D96F6CB0053AC68 /* Release */,
			);
			defaultConfigurationIsVisible = 0;
			defaultConfigurationName = Release;
		};
/* End XCConfigurationList section */

/* Begin XCVersionGroup section */
		7B9A06B72D96F6CB0053AC68 /* A2_iOS_GabrielPais_101271055.xcdatamodeld */ = {
			isa = XCVersionGroup;
			children = (
				7B9A06B82D96F6CB0053AC68 /* A2_iOS_GabrielPais_101271055.xcdatamodel */,
			);
			currentVersion = 7B9A06B82D96F6CB0053AC68 /* A2_iOS_GabrielPais_101271055.xcdatamodel */;
			path = A2_iOS_GabrielPais_101271055.xcdatamodeld;
			sourceTree = "<group>";
			versionGroupType = wrapper.xcdatamodel;
		};
		7BFA8D042D9714E600F7F133 /* ProductModel.xcdatamodeld */ = {
			isa = XCVersionGroup;
			children = (
				7BFA8D052D9714E600F7F133 /* ProductModel.xcdatamodel */,
			);
			currentVersion = 7BFA8D052D9714E600F7F133 /* ProductModel.xcdatamodel */;
			path = ProductModel.xcdatamodeld;
			sourceTree = "<group>";
			versionGroupType = wrapper.xcdatamodel;
		};
/* End XCVersionGroup section */
	};
	rootObject = 7B9A06A12D96F6C30053AC68 /* Project object */;
}
